
Microsoft Visual Studio Solution File, Format Version 12.00
# Visual Studio Version 17
VisualStudioVersion = 17.1.32328.378
MinimumVisualStudioVersion = 10.0.40219.1
Project("{FAE04EC0-301F-11D3-BF4B-00C04F79EFBC}") = "AppMvcBasica", "AppMvcBasica\AppMvcBasica.csproj", "{6213A0F4-049C-48E4-B081-572DB794871F}"
EndProject
Global
	GlobalSection(SolutionConfigurationPlatforms) = preSolution
		Debug|Any CPU = Debug|Any CPU
		Release|Any CPU = Release|Any CPU
	EndGlobalSection
	GlobalSection(ProjectConfigurationPlatforms) = postSolution
		{6213A0F4-049C-48E4-B081-572DB794871F}.Debug|Any CPU.ActiveCfg = Debug|Any CPU
		{6213A0F4-049C-48E4-B081-572DB794871F}.Debug|Any CPU.Build.0 = Debug|Any CPU
		{6213A0F4-049C-48E4-B081-572DB794871F}.Release|Any CPU.ActiveCfg = Release|Any CPU
		{6213A0F4-049C-48E4-B081-572DB794871F}.Release|Any CPU.Build.0 = Release|Any CPU
	EndGlobalSection
	GlobalSection(SolutionProperties) = preSolution
		HideSolutionNode = FALSE
	EndGlobalSection
	GlobalSection(ExtensibilityGlobals) = postSolution
		SolutionGuid = {1D54D927-2B3A-4B04-B7BD-C053F624347D}
	EndGlobalSection
EndGlobal
